
Microsoft Visual Studio Solution File, Format Version 12.00
# Visual Studio Version 17
VisualStudioVersion = 17.11.35222.181
MinimumVisualStudioVersion = 10.0.40219.1
Project("{FAE04EC0-301F-11D3-BF4B-00C04F79EFBC}") = "01_CSharp_MainSubjects", "01_CSharp_MainSubjects\01_CSharp_MainSubjects.csproj", "{C3C93DC8-97F7-45AD-940E-21E0975054AB}"
EndProject
Global
	GlobalSection(SolutionConfigurationPlatforms) = preSolution
		Debug|Any CPU = Debug|Any CPU
		Release|Any CPU = Release|Any CPU
	EndGlobalSection
	GlobalSection(ProjectConfigurationPlatforms) = postSolution
		{C3C93DC8-97F7-45AD-940E-21E0975054AB}.Debug|Any CPU.ActiveCfg = Debug|Any CPU
		{C3C93DC8-97F7-45AD-940E-21E0975054AB}.Debug|Any CPU.Build.0 = Debug|Any CPU
		{C3C93DC8-97F7-45AD-940E-21E0975054AB}.Release|Any CPU.ActiveCfg = Release|Any CPU
		{C3C93DC8-97F7-45AD-940E-21E0975054AB}.Release|Any CPU.Build.0 = Release|Any CPU
	EndGlobalSection
	GlobalSection(SolutionProperties) = preSolution
		HideSolutionNode = FALSE
	EndGlobalSection
	GlobalSection(ExtensibilityGlobals) = postSolution
		SolutionGuid = {225E27AF-D077-486E-AA8C-CC8BDA6A3622}
	EndGlobalSection
EndGlobal
